
Microsoft Visual Studio Solution File, Format Version 12.00
# Visual Studio Version 16
VisualStudioVersion = 16.0.29306.81
MinimumVisualStudioVersion = 10.0.40219.1
Project("{FAE04EC0-301F-11D3-BF4B-00C04F79EFBC}") = "Meme Rewind 2018-2019", "Meme Rewind 2018-2019\Meme Rewind 2018-2019.csproj", "{0E1DD024-EA3A-4FD5-962E-A922225DCB6A}"
EndProject
Global
	GlobalSection(SolutionConfigurationPlatforms) = preSolution
		Debug|Any CPU = Debug|Any CPU
		Release|Any CPU = Release|Any CPU
	EndGlobalSection
	GlobalSection(ProjectConfigurationPlatforms) = postSolution
		{0E1DD024-EA3A-4FD5-962E-A922225DCB6A}.Debug|Any CPU.ActiveCfg = Debug|Any CPU
		{0E1DD024-EA3A-4FD5-962E-A922225DCB6A}.Debug|Any CPU.Build.0 = Debug|Any CPU
		{0E1DD024-EA3A-4FD5-962E-A922225DCB6A}.Release|Any CPU.ActiveCfg = Release|Any CPU
		{0E1DD024-EA3A-4FD5-962E-A922225DCB6A}.Release|Any CPU.Build.0 = Release|Any CPU
	EndGlobalSection
	GlobalSection(SolutionProperties) = preSolution
		HideSolutionNode = FALSE
	EndGlobalSection
	GlobalSection(ExtensibilityGlobals) = postSolution
		SolutionGuid = {A668A07E-34BE-4E5F-971A-636AAC9B7E66}
	EndGlobalSection
EndGlobal
